<?xml version="1.0" encoding="utf-8"?>
<Project ToolsVersion="17.0" xmlns="http://schemas.microsoft.com/developer/msbuild/2003">
  <ItemGroup>
    <CustomBuild Include="C:\Users\proto\Desktop\assimp\CMakeFiles\0e06b36f3bf60ca7fd1ac14d60871fe8\INSTALL_force.rule">
      <Filter>CMake Rules</Filter>
    </CustomBuild>
  </ItemGroup>
  <ItemGroup>
    <Filter Include="CMake Rules">
      <UniqueIdentifier>{CC7A809E-B594-3B8C-BE2D-E3417DE4BE84}</UniqueIdentifier>
    </Filter>
  </ItemGroup>
</Project>
