
Microsoft Visual Studio Solution File, Format Version 12.00
# Visual Studio Version 17
Project("{8BC9CEB8-8B4A-11D0-8D11-00A0C91BC942}") = "ALL_BUILD", "ALL_BUILD.vcxproj", "{613966CD-177C-3BC3-812D-016C09594198}"
	ProjectSection(ProjectDependencies) = postProject
		{A2125BA9-1FE2-3FC4-86E9-4B43C92932BF} = {A2125BA9-1FE2-3FC4-86E9-4B43C92932BF}
		{2F195183-A4F7-3F3C-90A2-9236BE1CF3DA} = {2F195183-A4F7-3F3C-90A2-9236BE1CF3DA}
	EndProjectSection
EndProject
Project("{8BC9CEB8-8B4A-11D0-8D11-00A0C91BC942}") = "INSTALL", "INSTALL.vcxproj", "{50B0B23D-325F-3DC2-84B8-DE7A1136EE31}"
	ProjectSection(ProjectDependencies) = postProject
		{613966CD-177C-3BC3-812D-016C09594198} = {613966CD-177C-3BC3-812D-016C09594198}
		{A2125BA9-1FE2-3FC4-86E9-4B43C92932BF} = {A2125BA9-1FE2-3FC4-86E9-4B43C92932BF}
	EndProjectSection
EndProject
Project("{8BC9CEB8-8B4A-11D0-8D11-00A0C91BC942}") = "ZERO_CHECK", "..\..\\ZERO_CHECK.vcxproj", "{A2125BA9-1FE2-3FC4-86E9-4B43C92932BF}"
	ProjectSection(ProjectDependencies) = postProject
	EndProjectSection
EndProject
Project("{8BC9CEB8-8B4A-11D0-8D11-00A0C91BC942}") = "zlibstatic", "zlibstatic.vcxproj", "{2F195183-A4F7-3F3C-90A2-9236BE1CF3DA}"
	ProjectSection(ProjectDependencies) = postProject
		{A2125BA9-1FE2-3FC4-86E9-4B43C92932BF} = {A2125BA9-1FE2-3FC4-86E9-4B43C92932BF}
	EndProjectSection
EndProject
Global
	GlobalSection(SolutionConfigurationPlatforms) = preSolution
		Debug|x64 = Debug|x64
		Release|x64 = Release|x64
		MinSizeRel|x64 = MinSizeRel|x64
		RelWithDebInfo|x64 = RelWithDebInfo|x64
	EndGlobalSection
	GlobalSection(ProjectConfigurationPlatforms) = postSolution
		{613966CD-177C-3BC3-812D-016C09594198}.Debug|x64.ActiveCfg = Debug|x64
		{613966CD-177C-3BC3-812D-016C09594198}.Debug|x64.Build.0 = Debug|x64
		{613966CD-177C-3BC3-812D-016C09594198}.Release|x64.ActiveCfg = Release|x64
		{613966CD-177C-3BC3-812D-016C09594198}.Release|x64.Build.0 = Release|x64
		{613966CD-177C-3BC3-812D-016C09594198}.MinSizeRel|x64.ActiveCfg = MinSizeRel|x64
		{613966CD-177C-3BC3-812D-016C09594198}.MinSizeRel|x64.Build.0 = MinSizeRel|x64
		{613966CD-177C-3BC3-812D-016C09594198}.RelWithDebInfo|x64.ActiveCfg = RelWithDebInfo|x64
		{613966CD-177C-3BC3-812D-016C09594198}.RelWithDebInfo|x64.Build.0 = RelWithDebInfo|x64
		{50B0B23D-325F-3DC2-84B8-DE7A1136EE31}.Debug|x64.ActiveCfg = Debug|x64
		{50B0B23D-325F-3DC2-84B8-DE7A1136EE31}.Release|x64.ActiveCfg = Release|x64
		{50B0B23D-325F-3DC2-84B8-DE7A1136EE31}.MinSizeRel|x64.ActiveCfg = MinSizeRel|x64
		{50B0B23D-325F-3DC2-84B8-DE7A1136EE31}.RelWithDebInfo|x64.ActiveCfg = RelWithDebInfo|x64
		{A2125BA9-1FE2-3FC4-86E9-4B43C92932BF}.Debug|x64.ActiveCfg = Debug|x64
		{A2125BA9-1FE2-3FC4-86E9-4B43C92932BF}.Debug|x64.Build.0 = Debug|x64
		{A2125BA9-1FE2-3FC4-86E9-4B43C92932BF}.Release|x64.ActiveCfg = Release|x64
		{A2125BA9-1FE2-3FC4-86E9-4B43C92932BF}.Release|x64.Build.0 = Release|x64
		{A2125BA9-1FE2-3FC4-86E9-4B43C92932BF}.MinSizeRel|x64.ActiveCfg = MinSizeRel|x64
		{A2125BA9-1FE2-3FC4-86E9-4B43C92932BF}.MinSizeRel|x64.Build.0 = MinSizeRel|x64
		{A2125BA9-1FE2-3FC4-86E9-4B43C92932BF}.RelWithDebInfo|x64.ActiveCfg = RelWithDebInfo|x64
		{A2125BA9-1FE2-3FC4-86E9-4B43C92932BF}.RelWithDebInfo|x64.Build.0 = RelWithDebInfo|x64
		{2F195183-A4F7-3F3C-90A2-9236BE1CF3DA}.Debug|x64.ActiveCfg = Debug|x64
		{2F195183-A4F7-3F3C-90A2-9236BE1CF3DA}.Debug|x64.Build.0 = Debug|x64
		{2F195183-A4F7-3F3C-90A2-9236BE1CF3DA}.Release|x64.ActiveCfg = Release|x64
		{2F195183-A4F7-3F3C-90A2-9236BE1CF3DA}.Release|x64.Build.0 = Release|x64
		{2F195183-A4F7-3F3C-90A2-9236BE1CF3DA}.MinSizeRel|x64.ActiveCfg = MinSizeRel|x64
		{2F195183-A4F7-3F3C-90A2-9236BE1CF3DA}.MinSizeRel|x64.Build.0 = MinSizeRel|x64
		{2F195183-A4F7-3F3C-90A2-9236BE1CF3DA}.RelWithDebInfo|x64.ActiveCfg = RelWithDebInfo|x64
		{2F195183-A4F7-3F3C-90A2-9236BE1CF3DA}.RelWithDebInfo|x64.Build.0 = RelWithDebInfo|x64
	EndGlobalSection
	GlobalSection(ExtensibilityGlobals) = postSolution
		SolutionGuid = {82E36630-75CA-3A7B-B8F9-B6BAB907473C}
	EndGlobalSection
	GlobalSection(ExtensibilityAddIns) = postSolution
	EndGlobalSection
EndGlobal
